
Microsoft Visual Studio Solution File, Format Version 12.00
# Visual Studio Version 16
VisualStudioVersion = 16.0.30011.22
MinimumVisualStudioVersion = 10.0.40219.1
Project("{FAE04EC0-301F-11D3-BF4B-00C04F79EFBC}") = "LauV2.2", "LauV2.2\LauV2.2.csproj", "{BD858922-DB8A-4782-BF82-71FA6ECABA1E}"
EndProject
Project("{54435603-DBB4-11D2-8724-00A0C9A8B90C}") = "Setup_LauV2.2", "Setup_LauV2.2\Setup_LauV2.2.vdproj", "{8329960D-1FD4-4120-9A0E-D5A6A2AC8C3D}"
EndProject
Global
	GlobalSection(SolutionConfigurationPlatforms) = preSolution
		Debug|Any CPU = Debug|Any CPU
		Debug|x64 = Debug|x64
		Release|Any CPU = Release|Any CPU
		Release|x64 = Release|x64
	EndGlobalSection
	GlobalSection(ProjectConfigurationPlatforms) = postSolution
		{BD858922-DB8A-4782-BF82-71FA6ECABA1E}.Debug|Any CPU.ActiveCfg = Debug|Any CPU
		{BD858922-DB8A-4782-BF82-71FA6ECABA1E}.Debug|Any CPU.Build.0 = Debug|Any CPU
		{BD858922-DB8A-4782-BF82-71FA6ECABA1E}.Debug|x64.ActiveCfg = Debug|x64
		{BD858922-DB8A-4782-BF82-71FA6ECABA1E}.Debug|x64.Build.0 = Debug|x64
		{BD858922-DB8A-4782-BF82-71FA6ECABA1E}.Release|Any CPU.ActiveCfg = Release|Any CPU
		{BD858922-DB8A-4782-BF82-71FA6ECABA1E}.Release|Any CPU.Build.0 = Release|Any CPU
		{BD858922-DB8A-4782-BF82-71FA6ECABA1E}.Release|x64.ActiveCfg = Release|x64
		{BD858922-DB8A-4782-BF82-71FA6ECABA1E}.Release|x64.Build.0 = Release|x64
		{8329960D-1FD4-4120-9A0E-D5A6A2AC8C3D}.Debug|Any CPU.ActiveCfg = Debug
		{8329960D-1FD4-4120-9A0E-D5A6A2AC8C3D}.Debug|x64.ActiveCfg = Debug
		{8329960D-1FD4-4120-9A0E-D5A6A2AC8C3D}.Release|Any CPU.ActiveCfg = Release
		{8329960D-1FD4-4120-9A0E-D5A6A2AC8C3D}.Release|x64.ActiveCfg = Release
	EndGlobalSection
	GlobalSection(SolutionProperties) = preSolution
		HideSolutionNode = FALSE
	EndGlobalSection
	GlobalSection(ExtensibilityGlobals) = postSolution
		SolutionGuid = {01CB44D4-D133-4060-83DA-8436488A5A8E}
	EndGlobalSection
EndGlobal
